<?xml version="1.0" encoding="utf-8"?>
<Project ToolsVersion="4.0" xmlns="http://schemas.microsoft.com/developer/msbuild/2003">
  <ItemGroup>
    <Filter Include="Resource Files">
      <UniqueIdentifier>{4cf039ea-14aa-4986-9db8-e785e24ba6cb}</UniqueIdentifier>
      <Extensions>ico;cur;bmp;dlg;rc2;rct;bin;cnt;rtf;gif;jpg;jpeg;jpe</Extensions>
    </Filter>
    <Filter Include="Supporting code">
      <UniqueIdentifier>{03fd496f-b43c-4c3e-9257-8b5ad0471a56}</UniqueIdentifier>
    </Filter>
    <Filter Include="Headers">
      <UniqueIdentifier>{71668ee8-cad6-4d04-80f9-3ee269cc191b}</UniqueIdentifier>
    </Filter>
  </ItemGroup>
  <ItemGroup>
    <ClInclude Include="..\GPU_Skeleton_GPU.h" />
    <ClInclude Include="..\GPU_Skeleton.h" />
    <ClInclude Include="..\..\..\..\Util\AEFX_SuiteHelper.h">
      <Filter>Supporting code</Filter>
    </ClInclude>
    <ClInclude Include="resource.h">
      <Filter>Resource Files</Filter>
    </ClInclude>
    <ClInclude Include="..\Headers\stb_image.h">
      <Filter>Headers</Filter>
    </ClInclude>
    <ClInclude Include="..\Headers\stb_image_resize.h">
      <Filter>Headers</Filter>
    </ClInclude>
    <ClInclude Include="..\Headers\AEUtil.h">
      <Filter>Headers</Filter>
    </ClInclude>
    <ClInclude Include="..\Config.h">
      <Filter>Headers</Filter>
    </ClInclude>
    <ClInclude Include="..\Headers\Debug.h">
      <Filter>Headers</Filter>
    </ClInclude>
    <ClInclude Include="..\Headers\MiscUtil.h">
      <Filter>Headers</Filter>
    </ClInclude>
  </ItemGroup>
  <ItemGroup>
    <ClCompile Include="..\GPU_Skeleton.cpp" />
    <ClCompile Include="..\GPU_Skeleton_GPU.cpp" />
    <ClCompile Include="..\GPU_Skeleton_UI_Handler.cpp" />
    <ClCompile Include="..\..\..\..\Util\AEGP_SuiteHandler.cpp">
      <Filter>Supporting code</Filter>
    </ClCompile>
    <ClCompile Include="..\..\..\..\Util\MissingSuiteError.cpp">
      <Filter>Supporting code</Filter>
    </ClCompile>
    <ClCompile Include="..\..\..\..\Util\Smart_Utils.cpp">
      <Filter>Supporting code</Filter>
    </ClCompile>
    <ClCompile Include="..\..\..\..\Util\AEGP_Utils.cpp">
      <Filter>Supporting code</Filter>
    </ClCompile>
    <ClCompile Include="..\..\..\..\Util\AEFX_SuiteHelper.c">
      <Filter>Supporting code</Filter>
    </ClCompile>
    <ClCompile Include="..\Headers\AEUtil.cpp">
      <Filter>Headers</Filter>
    </ClCompile>
    <ClCompile Include="..\Headers\MiscUtil.cpp">
      <Filter>Headers</Filter>
    </ClCompile>
  </ItemGroup>
  <ItemGroup>
    <CustomBuild Include="..\GPU_Skeleton_Kernel.cu" />
    <CustomBuild Include="..\GPU_Skeleton_Kernel.cl" />
    <CustomBuild Include="..\GPU_SkeletonPiPL.r">
      <Filter>Resource Files</Filter>
    </CustomBuild>
  </ItemGroup>
  <ItemGroup>
    <ResourceCompile Include="GPU_SkeletonPiPL.rc">
      <Filter>Resource Files</Filter>
    </ResourceCompile>
    <ResourceCompile Include="Resource.rc">
      <Filter>Resource Files</Filter>
    </ResourceCompile>
  </ItemGroup>
  <ItemGroup>
    <Image Include="..\Assets\about_image.png">
      <Filter>Resource Files</Filter>
    </Image>
  </ItemGroup>
  <ItemGroup>
    <None Include="..\.clang-format" />
  </ItemGroup>
</Project>